
Microsoft Visual Studio Solution File, Format Version 12.00
# Visual Studio Version 16
VisualStudioVersion = 16.0.31424.327
MinimumVisualStudioVersion = 10.0.40219.1
Project("{9A19103F-16F7-4668-BE54-9A1E7A4F7556}") = "DataControl", "AnotherTemp\DataControl.csproj", "{871A1681-B1DF-4C7B-84F4-DA47F141D61C}"
EndProject
Global
	GlobalSection(SolutionConfigurationPlatforms) = preSolution
		Debug|Any CPU = Debug|Any CPU
		Release|Any CPU = Release|Any CPU
	EndGlobalSection
	GlobalSection(ProjectConfigurationPlatforms) = postSolution
		{871A1681-B1DF-4C7B-84F4-DA47F141D61C}.Debug|Any CPU.ActiveCfg = Debug|Any CPU
		{871A1681-B1DF-4C7B-84F4-DA47F141D61C}.Debug|Any CPU.Build.0 = Debug|Any CPU
		{871A1681-B1DF-4C7B-84F4-DA47F141D61C}.Release|Any CPU.ActiveCfg = Release|Any CPU
		{871A1681-B1DF-4C7B-84F4-DA47F141D61C}.Release|Any CPU.Build.0 = Release|Any CPU
	EndGlobalSection
	GlobalSection(SolutionProperties) = preSolution
		HideSolutionNode = FALSE
	EndGlobalSection
	GlobalSection(ExtensibilityGlobals) = postSolution
		SolutionGuid = {73302ACA-96AD-43A6-AEF7-FC75ED63E8F9}
	EndGlobalSection
EndGlobal
